PODS:
  - SnapKit (4.2.0)
  - SwiftLint (0.43.1)

DEPENDENCIES:
  - SnapKit (~> 4.0)
  - SwiftLint

SPEC REPOS:
  trunk:
    - SnapKit
    - SwiftLint

SPEC CHECKSUMS:
  SnapKit: fe8a619752f3f27075cc9a90244d75c6c3f27e2a
  SwiftLint: 99f82d07b837b942dd563c668de129a03fc3fb52

PODFILE CHECKSUM: ece9b6f236fc66cb8fefbe0c4962fe5189a01c09

COCOAPODS: 1.10.0
