// !$*UTF8*$!
{
	archiveVersion = 1;
	classes = {
	};
	objectVersion = 55;
	objects = {

/* Begin PBXBuildFile section */
		0C14B1AA2894ECE500370130 /* NetworkingServiceMock.swift in Sources */ = {isa = PBXBuildFile; fileRef = 0C14B1952894ECE500370130 /* NetworkingServiceMock.swift */; };
		0C14B1AB2894ECE500370130 /* HttpRequestCounterStub.swift in Sources */ = {isa = PBXBuildFile; fileRef = 0C14B1972894ECE500370130 /* HttpRequestCounterStub.swift */; };
		0C14B1AC2894ECE500370130 /* LoggerStub.swift in Sources */ = {isa = PBXBuildFile; fileRef = 0C14B1982894ECE500370130 /* LoggerStub.swift */; };
		0C14B1AD2894ECE500370130 /* TodoListCacheStub.swift in Sources */ = {isa = PBXBuildFile; fileRef = 0C14B1992894ECE500370130 /* TodoListCacheStub.swift */; };
		0C14B1AE2894ECE500370130 /* TestTodoListServiceOne.swift in Sources */ = {isa = PBXBuildFile; fileRef = 0C14B19B2894ECE500370130 /* TestTodoListServiceOne.swift */; };
		0C14B1AF2894ECE500370130 /* SimpleLoggerTests.swift in Sources */ = {isa = PBXBuildFile; fileRef = 0C14B19E2894ECE500370130 /* SimpleLoggerTests.swift */; };
		0C14B1B02894ECE500370130 /* TodoItemTests.swift in Sources */ = {isa = PBXBuildFile; fileRef = 0C14B1A02894ECE500370130 /* TodoItemTests.swift */; };
		0C14B1B12894ECE500370130 /* TestTodoEditorPresenterOne.swift in Sources */ = {isa = PBXBuildFile; fileRef = 0C14B1A32894ECE500370130 /* TestTodoEditorPresenterOne.swift */; };
		0C14B1B22894ECE500370130 /* Mocks.swift in Sources */ = {isa = PBXBuildFile; fileRef = 0C14B1A52894ECE500370130 /* Mocks.swift */; };
		0C14B1B32894ECE500370130 /* Stubs.swift in Sources */ = {isa = PBXBuildFile; fileRef = 0C14B1A72894ECE500370130 /* Stubs.swift */; };
		0CBE2AFD28904200007EC182 /* AppDelegate.swift in Sources */ = {isa = PBXBuildFile; fileRef = 0CBE2AFC28904200007EC182 /* AppDelegate.swift */; };
		0CBE2AFF28904200007EC182 /* SceneDelegate.swift in Sources */ = {isa = PBXBuildFile; fileRef = 0CBE2AFE28904200007EC182 /* SceneDelegate.swift */; };
		0CBE2B0628904204007EC182 /* Assets.xcassets in Resources */ = {isa = PBXBuildFile; fileRef = 0CBE2B0528904204007EC182 /* Assets.xcassets */; };
		0CBE2B0928904204007EC182 /* LaunchScreen.storyboard in Resources */ = {isa = PBXBuildFile; fileRef = 0CBE2B0728904204007EC182 /* LaunchScreen.storyboard */; };
		21DEF1C34BA6CB1A13500BF0 /* Pods_TodoListDevTests.framework in Frameworks */ = {isa = PBXBuildFile; fileRef = DEE5F2BE42BBD61A324D1D32 /* Pods_TodoListDevTests.framework */; };
		80A3ABAE8F5E673BDEF9CFD9 /* Pods_TodoListDev.framework in Frameworks */ = {isa = PBXBuildFile; fileRef = 135DBA5E267BAC3409A59B59 /* Pods_TodoListDev.framework */; };
/* End PBXBuildFile section */

/* Begin PBXContainerItemProxy section */
		0CBE2B1028904205007EC182 /* PBXContainerItemProxy */ = {
			isa = PBXContainerItemProxy;
			containerPortal = 0CBE2AF128904200007EC182 /* Project object */;
			proxyType = 1;
			remoteGlobalIDString = 0CBE2AF828904200007EC182;
			remoteInfo = TodoListDev;
		};
/* End PBXContainerItemProxy section */

/* Begin PBXFileReference section */
		0C14B1952894ECE500370130 /* NetworkingServiceMock.swift */ = {isa = PBXFileReference; fileEncoding = 4; lastKnownFileType = sourcecode.swift; path = NetworkingServiceMock.swift; sourceTree = "<group>"; };
		0C14B1972894ECE500370130 /* HttpRequestCounterStub.swift */ = {isa = PBXFileReference; fileEncoding = 4; lastKnownFileType = sourcecode.swift; path = HttpRequestCounterStub.swift; sourceTree = "<group>"; };
		0C14B1982894ECE500370130 /* LoggerStub.swift */ = {isa = PBXFileReference; fileEncoding = 4; lastKnownFileType = sourcecode.swift; path = LoggerStub.swift; sourceTree = "<group>"; };
		0C14B1992894ECE500370130 /* TodoListCacheStub.swift */ = {isa = PBXFileReference; fileEncoding = 4; lastKnownFileType = sourcecode.swift; path = TodoListCacheStub.swift; sourceTree = "<group>"; };
		0C14B19B2894ECE500370130 /* TestTodoListServiceOne.swift */ = {isa = PBXFileReference; fileEncoding = 4; lastKnownFileType = sourcecode.swift; path = TestTodoListServiceOne.swift; sourceTree = "<group>"; };
		0C14B19E2894ECE500370130 /* SimpleLoggerTests.swift */ = {isa = PBXFileReference; fileEncoding = 4; lastKnownFileType = sourcecode.swift; path = SimpleLoggerTests.swift; sourceTree = "<group>"; };
		0C14B1A02894ECE500370130 /* TodoItemTests.swift */ = {isa = PBXFileReference; fileEncoding = 4; lastKnownFileType = sourcecode.swift; path = TodoItemTests.swift; sourceTree = "<group>"; };
		0C14B1A32894ECE500370130 /* TestTodoEditorPresenterOne.swift */ = {isa = PBXFileReference; fileEncoding = 4; lastKnownFileType = sourcecode.swift; path = TestTodoEditorPresenterOne.swift; sourceTree = "<group>"; };
		0C14B1A52894ECE500370130 /* Mocks.swift */ = {isa = PBXFileReference; fileEncoding = 4; lastKnownFileType = sourcecode.swift; path = Mocks.swift; sourceTree = "<group>"; };
		0C14B1A72894ECE500370130 /* Stubs.swift */ = {isa = PBXFileReference; fileEncoding = 4; lastKnownFileType = sourcecode.swift; path = Stubs.swift; sourceTree = "<group>"; };
		0CBE2AF928904200007EC182 /* TodoListDev.app */ = {isa = PBXFileReference; explicitFileType = wrapper.application; includeInIndex = 0; path = TodoListDev.app; sourceTree = BUILT_PRODUCTS_DIR; };
		0CBE2AFC28904200007EC182 /* AppDelegate.swift */ = {isa = PBXFileReference; lastKnownFileType = sourcecode.swift; path = AppDelegate.swift; sourceTree = "<group>"; };
		0CBE2AFE28904200007EC182 /* SceneDelegate.swift */ = {isa = PBXFileReference; lastKnownFileType = sourcecode.swift; path = SceneDelegate.swift; sourceTree = "<group>"; };
		0CBE2B0528904204007EC182 /* Assets.xcassets */ = {isa = PBXFileReference; lastKnownFileType = folder.assetcatalog; path = Assets.xcassets; sourceTree = "<group>"; };
		0CBE2B0828904204007EC182 /* Base */ = {isa = PBXFileReference; lastKnownFileType = file.storyboard; name = Base; path = Base.lproj/LaunchScreen.storyboard; sourceTree = "<group>"; };
		0CBE2B0A28904204007EC182 /* Info.plist */ = {isa = PBXFileReference; lastKnownFileType = text.plist.xml; path = Info.plist; sourceTree = "<group>"; };
		0CBE2B0F28904205007EC182 /* TodoListDevTests.xctest */ = {isa = PBXFileReference; explicitFileType = wrapper.cfbundle; includeInIndex = 0; path = TodoListDevTests.xctest; sourceTree = BUILT_PRODUCTS_DIR; };
		135DBA5E267BAC3409A59B59 /* Pods_TodoListDev.framework */ = {isa = PBXFileReference; explicitFileType = wrapper.framework; includeInIndex = 0; path = Pods_TodoListDev.framework; sourceTree = BUILT_PRODUCTS_DIR; };
		3E017EFA28B0B5EC4D698316 /* Pods-TodoListDevTests.release.xcconfig */ = {isa = PBXFileReference; includeInIndex = 1; lastKnownFileType = text.xcconfig; name = "Pods-TodoListDevTests.release.xcconfig"; path = "Target Support Files/Pods-TodoListDevTests/Pods-TodoListDevTests.release.xcconfig"; sourceTree = "<group>"; };
		5AE40FD8E717371332386D9C /* Pods_TodoListDev_TodoListDevUITests.framework */ = {isa = PBXFileReference; explicitFileType = wrapper.framework; includeInIndex = 0; path = Pods_TodoListDev_TodoListDevUITests.framework; sourceTree = BUILT_PRODUCTS_DIR; };
		8C1D25E14BAA059EAC9DEBBB /* Pods-TodoListDev.debug.xcconfig */ = {isa = PBXFileReference; includeInIndex = 1; lastKnownFileType = text.xcconfig; name = "Pods-TodoListDev.debug.xcconfig"; path = "Target Support Files/Pods-TodoListDev/Pods-TodoListDev.debug.xcconfig"; sourceTree = "<group>"; };
		CDC7B35740A2193644591A10 /* Pods-TodoListDevTests.debug.xcconfig */ = {isa = PBXFileReference; includeInIndex = 1; lastKnownFileType = text.xcconfig; name = "Pods-TodoListDevTests.debug.xcconfig"; path = "Target Support Files/Pods-TodoListDevTests/Pods-TodoListDevTests.debug.xcconfig"; sourceTree = "<group>"; };
		DEE5F2BE42BBD61A324D1D32 /* Pods_TodoListDevTests.framework */ = {isa = PBXFileReference; explicitFileType = wrapper.framework; includeInIndex = 0; path = Pods_TodoListDevTests.framework; sourceTree = BUILT_PRODUCTS_DIR; };
		E1E723FA662FB5E78E606589 /* Pods-TodoListDev-TodoListDevUITests.release.xcconfig */ = {isa = PBXFileReference; includeInIndex = 1; lastKnownFileType = text.xcconfig; name = "Pods-TodoListDev-TodoListDevUITests.release.xcconfig"; path = "Target Support Files/Pods-TodoListDev-TodoListDevUITests/Pods-TodoListDev-TodoListDevUITests.release.xcconfig"; sourceTree = "<group>"; };
		FD8DB7273B6216E3CE012985 /* Pods-TodoListDev.release.xcconfig */ = {isa = PBXFileReference; includeInIndex = 1; lastKnownFileType = text.xcconfig; name = "Pods-TodoListDev.release.xcconfig"; path = "Target Support Files/Pods-TodoListDev/Pods-TodoListDev.release.xcconfig"; sourceTree = "<group>"; };
		FDB96003A2F9DFAA9BE0A4E7 /* Pods-TodoListDev-TodoListDevUITests.debug.xcconfig */ = {isa = PBXFileReference; includeInIndex = 1; lastKnownFileType = text.xcconfig; name = "Pods-TodoListDev-TodoListDevUITests.debug.xcconfig"; path = "Target Support Files/Pods-TodoListDev-TodoListDevUITests/Pods-TodoListDev-TodoListDevUITests.debug.xcconfig"; sourceTree = "<group>"; };
/* End PBXFileReference section */

/* Begin PBXFrameworksBuildPhase section */
		0CBE2AF628904200007EC182 /* Frameworks */ = {
			isa = PBXFrameworksBuildPhase;
			buildActionMask = 2147483647;
			files = (
				80A3ABAE8F5E673BDEF9CFD9 /* Pods_TodoListDev.framework in Frameworks */,
			);
			runOnlyForDeploymentPostprocessing = 0;
		};
		0CBE2B0C28904205007EC182 /* Frameworks */ = {
			isa = PBXFrameworksBuildPhase;
			buildActionMask = 2147483647;
			files = (
				21DEF1C34BA6CB1A13500BF0 /* Pods_TodoListDevTests.framework in Frameworks */,
			);
			runOnlyForDeploymentPostprocessing = 0;
		};
/* End PBXFrameworksBuildPhase section */

/* Begin PBXGroup section */
		0C14B1932894ECE500370130 /* Service */ = {
			isa = PBXGroup;
			children = (
				0C14B1942894ECE500370130 /* Mock */,
				0C14B1962894ECE500370130 /* Stub */,
				0C14B19A2894ECE500370130 /* TodoListService */,
			);
			path = Service;
			sourceTree = "<group>";
		};
		0C14B1942894ECE500370130 /* Mock */ = {
			isa = PBXGroup;
			children = (
				0C14B1952894ECE500370130 /* NetworkingServiceMock.swift */,
			);
			path = Mock;
			sourceTree = "<group>";
		};
		0C14B1962894ECE500370130 /* Stub */ = {
			isa = PBXGroup;
			children = (
				0C14B1972894ECE500370130 /* HttpRequestCounterStub.swift */,
				0C14B1982894ECE500370130 /* LoggerStub.swift */,
				0C14B1992894ECE500370130 /* TodoListCacheStub.swift */,
			);
			path = Stub;
			sourceTree = "<group>";
		};
		0C14B19A2894ECE500370130 /* TodoListService */ = {
			isa = PBXGroup;
			children = (
				0C14B19B2894ECE500370130 /* TestTodoListServiceOne.swift */,
			);
			path = TodoListService;
			sourceTree = "<group>";
		};
		0C14B19C2894ECE500370130 /* TestSource */ = {
			isa = PBXGroup;
			children = (
				0C14B19D2894ECE500370130 /* Logger */,
				0C14B19F2894ECE500370130 /* Entity */,
			);
			path = TestSource;
			sourceTree = "<group>";
		};
		0C14B19D2894ECE500370130 /* Logger */ = {
			isa = PBXGroup;
			children = (
				0C14B19E2894ECE500370130 /* SimpleLoggerTests.swift */,
			);
			path = Logger;
			sourceTree = "<group>";
		};
		0C14B19F2894ECE500370130 /* Entity */ = {
			isa = PBXGroup;
			children = (
				0C14B1A02894ECE500370130 /* TodoItemTests.swift */,
			);
			path = Entity;
			sourceTree = "<group>";
		};
		0C14B1A12894ECE500370130 /* TodoEditor */ = {
			isa = PBXGroup;
			children = (
				0C14B1A22894ECE500370130 /* Presenter */,
			);
			path = TodoEditor;
			sourceTree = "<group>";
		};
		0C14B1A22894ECE500370130 /* Presenter */ = {
			isa = PBXGroup;
			children = (
				0C14B1A32894ECE500370130 /* TestTodoEditorPresenterOne.swift */,
				0C14B1A42894ECE500370130 /* Mock */,
				0C14B1A62894ECE500370130 /* Stub */,
			);
			path = Presenter;
			sourceTree = "<group>";
		};
		0C14B1A42894ECE500370130 /* Mock */ = {
			isa = PBXGroup;
			children = (
				0C14B1A52894ECE500370130 /* Mocks.swift */,
			);
			path = Mock;
			sourceTree = "<group>";
		};
		0C14B1A62894ECE500370130 /* Stub */ = {
			isa = PBXGroup;
			children = (
				0C14B1A72894ECE500370130 /* Stubs.swift */,
			);
			path = Stub;
			sourceTree = "<group>";
		};
		0CBE2AF028904200007EC182 = {
			isa = PBXGroup;
			children = (
				0CBE2AFB28904200007EC182 /* TodoListDev */,
				0CBE2B1228904205007EC182 /* TodoListDevTests */,
				0CBE2AFA28904200007EC182 /* Products */,
				623228A772E190B1DCAC2752 /* Pods */,
				2FEBE2B089A617C56B268643 /* Frameworks */,
			);
			sourceTree = "<group>";
		};
		0CBE2AFA28904200007EC182 /* Products */ = {
			isa = PBXGroup;
			children = (
				0CBE2AF928904200007EC182 /* TodoListDev.app */,
				0CBE2B0F28904205007EC182 /* TodoListDevTests.xctest */,
			);
			name = Products;
			sourceTree = "<group>";
		};
		0CBE2AFB28904200007EC182 /* TodoListDev */ = {
			isa = PBXGroup;
			children = (
				0CBE2AFC28904200007EC182 /* AppDelegate.swift */,
				0CBE2AFE28904200007EC182 /* SceneDelegate.swift */,
				0CBE2B0528904204007EC182 /* Assets.xcassets */,
				0CBE2B0728904204007EC182 /* LaunchScreen.storyboard */,
				0CBE2B0A28904204007EC182 /* Info.plist */,
			);
			path = TodoListDev;
			sourceTree = "<group>";
		};
		0CBE2B1228904205007EC182 /* TodoListDevTests */ = {
			isa = PBXGroup;
			children = (
				0C14B1932894ECE500370130 /* Service */,
				0C14B19C2894ECE500370130 /* TestSource */,
				0C14B1A12894ECE500370130 /* TodoEditor */,
			);
			path = TodoListDevTests;
			sourceTree = "<group>";
		};
		2FEBE2B089A617C56B268643 /* Frameworks */ = {
			isa = PBXGroup;
			children = (
				135DBA5E267BAC3409A59B59 /* Pods_TodoListDev.framework */,
				5AE40FD8E717371332386D9C /* Pods_TodoListDev_TodoListDevUITests.framework */,
				DEE5F2BE42BBD61A324D1D32 /* Pods_TodoListDevTests.framework */,
			);
			name = Frameworks;
			sourceTree = "<group>";
		};
		623228A772E190B1DCAC2752 /* Pods */ = {
			isa = PBXGroup;
			children = (
				8C1D25E14BAA059EAC9DEBBB /* Pods-TodoListDev.debug.xcconfig */,
				FD8DB7273B6216E3CE012985 /* Pods-TodoListDev.release.xcconfig */,
				FDB96003A2F9DFAA9BE0A4E7 /* Pods-TodoListDev-TodoListDevUITests.debug.xcconfig */,
				E1E723FA662FB5E78E606589 /* Pods-TodoListDev-TodoListDevUITests.release.xcconfig */,
				CDC7B35740A2193644591A10 /* Pods-TodoListDevTests.debug.xcconfig */,
				3E017EFA28B0B5EC4D698316 /* Pods-TodoListDevTests.release.xcconfig */,
			);
			path = Pods;
			sourceTree = "<group>";
		};
/* End PBXGroup section */

/* Begin PBXNativeTarget section */
		0CBE2AF828904200007EC182 /* TodoListDev */ = {
			isa = PBXNativeTarget;
			buildConfigurationList = 0CBE2B2328904205007EC182 /* Build configuration list for PBXNativeTarget "TodoListDev" */;
			buildPhases = (
				5CF6D84F018DA0EDE8A10C96 /* [CP] Check Pods Manifest.lock */,
				0CBE2AF528904200007EC182 /* Sources */,
				0CBE2AF628904200007EC182 /* Frameworks */,
				0CBE2AF728904200007EC182 /* Resources */,
				0665FF0F27E3D36B8D7CD356 /* [CP] Embed Pods Frameworks */,
			);
			buildRules = (
			);
			dependencies = (
			);
			name = TodoListDev;
			productName = TodoListDev;
			productReference = 0CBE2AF928904200007EC182 /* TodoListDev.app */;
			productType = "com.apple.product-type.application";
		};
		0CBE2B0E28904205007EC182 /* TodoListDevTests */ = {
			isa = PBXNativeTarget;
			buildConfigurationList = 0CBE2B2628904205007EC182 /* Build configuration list for PBXNativeTarget "TodoListDevTests" */;
			buildPhases = (
				04915449215C508F83D7A95A /* [CP] Check Pods Manifest.lock */,
				0CBE2B0B28904205007EC182 /* Sources */,
				0CBE2B0C28904205007EC182 /* Frameworks */,
				0CBE2B0D28904205007EC182 /* Resources */,
			);
			buildRules = (
			);
			dependencies = (
				0CBE2B1128904205007EC182 /* PBXTargetDependency */,
			);
			name = TodoListDevTests;
			productName = TodoListDevTests;
			productReference = 0CBE2B0F28904205007EC182 /* TodoListDevTests.xctest */;
			productType = "com.apple.product-type.bundle.unit-test";
		};
/* End PBXNativeTarget section */

/* Begin PBXProject section */
		0CBE2AF128904200007EC182 /* Project object */ = {
			isa = PBXProject;
			attributes = {
				BuildIndependentTargetsInParallel = 1;
				LastSwiftUpdateCheck = 1320;
				LastUpgradeCheck = 1320;
				TargetAttributes = {
					0CBE2AF828904200007EC182 = {
						CreatedOnToolsVersion = 13.2.1;
					};
					0CBE2B0E28904205007EC182 = {
						CreatedOnToolsVersion = 13.2.1;
						TestTargetID = 0CBE2AF828904200007EC182;
					};
				};
			};
			buildConfigurationList = 0CBE2AF428904200007EC182 /* Build configuration list for PBXProject "TodoListDev" */;
			compatibilityVersion = "Xcode 13.0";
			developmentRegion = en;
			hasScannedForEncodings = 0;
			knownRegions = (
				en,
				Base,
			);
			mainGroup = 0CBE2AF028904200007EC182;
			productRefGroup = 0CBE2AFA28904200007EC182 /* Products */;
			projectDirPath = "";
			projectRoot = "";
			targets = (
				0CBE2AF828904200007EC182 /* TodoListDev */,
				0CBE2B0E28904205007EC182 /* TodoListDevTests */,
			);
		};
/* End PBXProject section */

/* Begin PBXResourcesBuildPhase section */
		0CBE2AF728904200007EC182 /* Resources */ = {
			isa = PBXResourcesBuildPhase;
			buildActionMask = 2147483647;
			files = (
				0CBE2B0928904204007EC182 /* LaunchScreen.storyboard in Resources */,
				0CBE2B0628904204007EC182 /* Assets.xcassets in Resources */,
			);
			runOnlyForDeploymentPostprocessing = 0;
		};
		0CBE2B0D28904205007EC182 /* Resources */ = {
			isa = PBXResourcesBuildPhase;
			buildActionMask = 2147483647;
			files = (
			);
			runOnlyForDeploymentPostprocessing = 0;
		};
/* End PBXResourcesBuildPhase section */

/* Begin PBXShellScriptBuildPhase section */
		04915449215C508F83D7A95A /* [CP] Check Pods Manifest.lock */ = {
			isa = PBXShellScriptBuildPhase;
			buildActionMask = 2147483647;
			files = (
			);
			inputFileListPaths = (
			);
			inputPaths = (
				"${PODS_PODFILE_DIR_PATH}/Podfile.lock",
				"${PODS_ROOT}/Manifest.lock",
			);
			name = "[CP] Check Pods Manifest.lock";
			outputFileListPaths = (
			);
			outputPaths = (
				"$(DERIVED_FILE_DIR)/Pods-TodoListDevTests-checkManifestLockResult.txt",
			);
			runOnlyForDeploymentPostprocessing = 0;
			shellPath = /bin/sh;
			shellScript = "diff \"${PODS_PODFILE_DIR_PATH}/Podfile.lock\" \"${PODS_ROOT}/Manifest.lock\" > /dev/null\nif [ $? != 0 ] ; then\n    # print error to STDERR\n    echo \"error: The sandbox is not in sync with the Podfile.lock. Run 'pod install' or update your CocoaPods installation.\" >&2\n    exit 1\nfi\n# This output is used by Xcode 'outputs' to avoid re-running this script phase.\necho \"SUCCESS\" > \"${SCRIPT_OUTPUT_FILE_0}\"\n";
			showEnvVarsInLog = 0;
		};
		0665FF0F27E3D36B8D7CD356 /* [CP] Embed Pods Frameworks */ = {
			isa = PBXShellScriptBuildPhase;
			buildActionMask = 2147483647;
			files = (
			);
			inputFileListPaths = (
				"${PODS_ROOT}/Target Support Files/Pods-TodoListDev/Pods-TodoListDev-frameworks-${CONFIGURATION}-input-files.xcfilelist",
			);
			name = "[CP] Embed Pods Frameworks";
			outputFileListPaths = (
				"${PODS_ROOT}/Target Support Files/Pods-TodoListDev/Pods-TodoListDev-frameworks-${CONFIGURATION}-output-files.xcfilelist",
			);
			runOnlyForDeploymentPostprocessing = 0;
			shellPath = /bin/sh;
			shellScript = "\"${PODS_ROOT}/Target Support Files/Pods-TodoListDev/Pods-TodoListDev-frameworks.sh\"\n";
			showEnvVarsInLog = 0;
		};
		5CF6D84F018DA0EDE8A10C96 /* [CP] Check Pods Manifest.lock */ = {
			isa = PBXShellScriptBuildPhase;
			buildActionMask = 2147483647;
			files = (
			);
			inputFileListPaths = (
			);
			inputPaths = (
				"${PODS_PODFILE_DIR_PATH}/Podfile.lock",
				"${PODS_ROOT}/Manifest.lock",
			);
			name = "[CP] Check Pods Manifest.lock";
			outputFileListPaths = (
			);
			outputPaths = (
				"$(DERIVED_FILE_DIR)/Pods-TodoListDev-checkManifestLockResult.txt",
			);
			runOnlyForDeploymentPostprocessing = 0;
			shellPath = /bin/sh;
			shellScript = "diff \"${PODS_PODFILE_DIR_PATH}/Podfile.lock\" \"${PODS_ROOT}/Manifest.lock\" > /dev/null\nif [ $? != 0 ] ; then\n    # print error to STDERR\n    echo \"error: The sandbox is not in sync with the Podfile.lock. Run 'pod install' or update your CocoaPods installation.\" >&2\n    exit 1\nfi\n# This output is used by Xcode 'outputs' to avoid re-running this script phase.\necho \"SUCCESS\" > \"${SCRIPT_OUTPUT_FILE_0}\"\n";
			showEnvVarsInLog = 0;
		};
/* End PBXShellScriptBuildPhase section */

/* Begin PBXSourcesBuildPhase section */
		0CBE2AF528904200007EC182 /* Sources */ = {
			isa = PBXSourcesBuildPhase;
			buildActionMask = 2147483647;
			files = (
				0CBE2AFD28904200007EC182 /* AppDelegate.swift in Sources */,
				0CBE2AFF28904200007EC182 /* SceneDelegate.swift in Sources */,
			);
			runOnlyForDeploymentPostprocessing = 0;
		};
		0CBE2B0B28904205007EC182 /* Sources */ = {
			isa = PBXSourcesBuildPhase;
			buildActionMask = 2147483647;
			files = (
				0C14B1AD2894ECE500370130 /* TodoListCacheStub.swift in Sources */,
				0C14B1AC2894ECE500370130 /* LoggerStub.swift in Sources */,
				0C14B1AB2894ECE500370130 /* HttpRequestCounterStub.swift in Sources */,
				0C14B1AE2894ECE500370130 /* TestTodoListServiceOne.swift in Sources */,
				0C14B1AF2894ECE500370130 /* SimpleLoggerTests.swift in Sources */,
				0C14B1B02894ECE500370130 /* TodoItemTests.swift in Sources */,
				0C14B1AA2894ECE500370130 /* NetworkingServiceMock.swift in Sources */,
				0C14B1B32894ECE500370130 /* Stubs.swift in Sources */,
				0C14B1B12894ECE500370130 /* TestTodoEditorPresenterOne.swift in Sources */,
				0C14B1B22894ECE500370130 /* Mocks.swift in Sources */,
			);
			runOnlyForDeploymentPostprocessing = 0;
		};
/* End PBXSourcesBuildPhase section */

/* Begin PBXTargetDependency section */
		0CBE2B1128904205007EC182 /* PBXTargetDependency */ = {
			isa = PBXTargetDependency;
			target = 0CBE2AF828904200007EC182 /* TodoListDev */;
			targetProxy = 0CBE2B1028904205007EC182 /* PBXContainerItemProxy */;
		};
/* End PBXTargetDependency section */

/* Begin PBXVariantGroup section */
		0CBE2B0728904204007EC182 /* LaunchScreen.storyboard */ = {
			isa = PBXVariantGroup;
			children = (
				0CBE2B0828904204007EC182 /* Base */,
			);
			name = LaunchScreen.storyboard;
			sourceTree = "<group>";
		};
/* End PBXVariantGroup section */

/* Begin XCBuildConfiguration section */
		0CBE2B2128904205007EC182 /* Debug */ = {
			isa = XCBuildConfiguration;
			buildSettings = {
				ALWAYS_SEARCH_USER_PATHS = NO;
				CLANG_ANALYZER_NONNULL = YES;
				CLANG_ANALYZER_NUMBER_OBJECT_CONVERSION = YES_AGGRESSIVE;
				CLANG_CXX_LANGUAGE_STANDARD = "gnu++17";
				CLANG_CXX_LIBRARY = "libc++";
				CLANG_ENABLE_MODULES = YES;
				CLANG_ENABLE_OBJC_ARC = YES;
				CLANG_ENABLE_OBJC_WEAK = YES;
				CLANG_WARN_BLOCK_CAPTURE_AUTORELEASING = YES;
				CLANG_WARN_BOOL_CONVERSION = YES;
				CLANG_WARN_COMMA = YES;
				CLANG_WARN_CONSTANT_CONVERSION = YES;
				CLANG_WARN_DEPRECATED_OBJC_IMPLEMENTATIONS = YES;
				CLANG_WARN_DIRECT_OBJC_ISA_USAGE = YES_ERROR;
				CLANG_WARN_DOCUMENTATION_COMMENTS = YES;
				CLANG_WARN_EMPTY_BODY = YES;
				CLANG_WARN_ENUM_CONVERSION = YES;
				CLANG_WARN_INFINITE_RECURSION = YES;
				CLANG_WARN_INT_CONVERSION = YES;
				CLANG_WARN_NON_LITERAL_NULL_CONVERSION = YES;
				CLANG_WARN_OBJC_IMPLICIT_RETAIN_SELF = YES;
				CLANG_WARN_OBJC_LITERAL_CONVERSION = YES;
				CLANG_WARN_OBJC_ROOT_CLASS = YES_ERROR;
				CLANG_WARN_QUOTED_INCLUDE_IN_FRAMEWORK_HEADER = YES;
				CLANG_WARN_RANGE_LOOP_ANALYSIS = YES;
				CLANG_WARN_STRICT_PROTOTYPES = YES;
				CLANG_WARN_SUSPICIOUS_MOVE = YES;
				CLANG_WARN_UNGUARDED_AVAILABILITY = YES_AGGRESSIVE;
				CLANG_WARN_UNREACHABLE_CODE = YES;
				CLANG_WARN__DUPLICATE_METHOD_MATCH = YES;
				COPY_PHASE_STRIP = NO;
				DEBUG_INFORMATION_FORMAT = dwarf;
				ENABLE_STRICT_OBJC_MSGSEND = YES;
				ENABLE_TESTABILITY = YES;
				GCC_C_LANGUAGE_STANDARD = gnu11;
				GCC_DYNAMIC_NO_PIC = NO;
				GCC_NO_COMMON_BLOCKS = YES;
				GCC_OPTIMIZATION_LEVEL = 0;
				GCC_PREPROCESSOR_DEFINITIONS = (
					"DEBUG=1",
					"$(inherited)",
				);
				GCC_WARN_64_TO_32_BIT_CONVERSION = YES;
				GCC_WARN_ABOUT_RETURN_TYPE = YES_ERROR;
				GCC_WARN_UNDECLARED_SELECTOR = YES;
				GCC_WARN_UNINITIALIZED_AUTOS = YES_AGGRESSIVE;
				GCC_WARN_UNUSED_FUNCTION = YES;
				GCC_WARN_UNUSED_VARIABLE = YES;
				IPHONEOS_DEPLOYMENT_TARGET = 14.1;
				MTL_ENABLE_DEBUG_INFO = INCLUDE_SOURCE;
				MTL_FAST_MATH = YES;
				ONLY_ACTIVE_ARCH = YES;
				SDKROOT = iphoneos;
				SWIFT_ACTIVE_COMPILATION_CONDITIONS = DEBUG;
				SWIFT_OPTIMIZATION_LEVEL = "-Onone";
			};
			name = Debug;
		};
		0CBE2B2228904205007EC182 /* Release */ = {
			isa = XCBuildConfiguration;
			buildSettings = {
				ALWAYS_SEARCH_USER_PATHS = NO;
				CLANG_ANALYZER_NONNULL = YES;
				CLANG_ANALYZER_NUMBER_OBJECT_CONVERSION = YES_AGGRESSIVE;
				CLANG_CXX_LANGUAGE_STANDARD = "gnu++17";
				CLANG_CXX_LIBRARY = "libc++";
				CLANG_ENABLE_MODULES = YES;
				CLANG_ENABLE_OBJC_ARC = YES;
				CLANG_ENABLE_OBJC_WEAK = YES;
				CLANG_WARN_BLOCK_CAPTURE_AUTORELEASING = YES;
				CLANG_WARN_BOOL_CONVERSION = YES;
				CLANG_WARN_COMMA = YES;
				CLANG_WARN_CONSTANT_CONVERSION = YES;
				CLANG_WARN_DEPRECATED_OBJC_IMPLEMENTATIONS = YES;
				CLANG_WARN_DIRECT_OBJC_ISA_USAGE = YES_ERROR;
				CLANG_WARN_DOCUMENTATION_COMMENTS = YES;
				CLANG_WARN_EMPTY_BODY = YES;
				CLANG_WARN_ENUM_CONVERSION = YES;
				CLANG_WARN_INFINITE_RECURSION = YES;
				CLANG_WARN_INT_CONVERSION = YES;
				CLANG_WARN_NON_LITERAL_NULL_CONVERSION = YES;
				CLANG_WARN_OBJC_IMPLICIT_RETAIN_SELF = YES;
				CLANG_WARN_OBJC_LITERAL_CONVERSION = YES;
				CLANG_WARN_OBJC_ROOT_CLASS = YES_ERROR;
				CLANG_WARN_QUOTED_INCLUDE_IN_FRAMEWORK_HEADER = YES;
				CLANG_WARN_RANGE_LOOP_ANALYSIS = YES;
				CLANG_WARN_STRICT_PROTOTYPES = YES;
				CLANG_WARN_SUSPICIOUS_MOVE = YES;
				CLANG_WARN_UNGUARDED_AVAILABILITY = YES_AGGRESSIVE;
				CLANG_WARN_UNREACHABLE_CODE = YES;
				CLANG_WARN__DUPLICATE_METHOD_MATCH = YES;
				COPY_PHASE_STRIP = NO;
				DEBUG_INFORMATION_FORMAT = "dwarf-with-dsym";
				ENABLE_NS_ASSERTIONS = NO;
				ENABLE_STRICT_OBJC_MSGSEND = YES;
				GCC_C_LANGUAGE_STANDARD = gnu11;
				GCC_NO_COMMON_BLOCKS = YES;
				GCC_WARN_64_TO_32_BIT_CONVERSION = YES;
				GCC_WARN_ABOUT_RETURN_TYPE = YES_ERROR;
				GCC_WARN_UNDECLARED_SELECTOR = YES;
				GCC_WARN_UNINITIALIZED_AUTOS = YES_AGGRESSIVE;
				GCC_WARN_UNUSED_FUNCTION = YES;
				GCC_WARN_UNUSED_VARIABLE = YES;
				IPHONEOS_DEPLOYMENT_TARGET = 14.1;
				MTL_ENABLE_DEBUG_INFO = NO;
				MTL_FAST_MATH = YES;
				SDKROOT = iphoneos;
				SWIFT_COMPILATION_MODE = wholemodule;
				SWIFT_OPTIMIZATION_LEVEL = "-O";
				VALIDATE_PRODUCT = YES;
			};
			name = Release;
		};
		0CBE2B2428904205007EC182 /* Debug */ = {
			isa = XCBuildConfiguration;
			baseConfigurationReference = 8C1D25E14BAA059EAC9DEBBB /* Pods-TodoListDev.debug.xcconfig */;
			buildSettings = {
				ASSETCATALOG_COMPILER_APPICON_NAME = AppIcon;
				ASSETCATALOG_COMPILER_GLOBAL_ACCENT_COLOR_NAME = AccentColor;
				CODE_SIGN_STYLE = Automatic;
				CURRENT_PROJECT_VERSION = 1;
				DEVELOPMENT_TEAM = T96KB8H453;
				GENERATE_INFOPLIST_FILE = YES;
				INFOPLIST_FILE = TodoListDev/Info.plist;
				INFOPLIST_KEY_UIApplicationSupportsIndirectInputEvents = YES;
				INFOPLIST_KEY_UILaunchStoryboardName = LaunchScreen;
				INFOPLIST_KEY_UIRequiredDeviceCapabilities = armv7;
				INFOPLIST_KEY_UISupportedInterfaceOrientations = "UIInterfaceOrientationPortrait UIInterfaceOrientationLandscapeLeft UIInterfaceOrientationLandscapeRight";
				INFOPLIST_KEY_UISupportedInterfaceOrientations_iPad = "UIInterfaceOrientationPortrait UIInterfaceOrientationPortraitUpsideDown UIInterfaceOrientationLandscapeLeft UIInterfaceOrientationLandscapeRight";
				INFOPLIST_KEY_UISupportedInterfaceOrientations_iPhone = "UIInterfaceOrientationPortrait UIInterfaceOrientationLandscapeLeft UIInterfaceOrientationLandscapeRight";
				LD_RUNPATH_SEARCH_PATHS = (
					"$(inherited)",
					"@executable_path/Frameworks",
				);
				MARKETING_VERSION = 1.0;
				PRODUCT_BUNDLE_IDENTIFIER = io.github.maksimn.TodoListDev;
				PRODUCT_NAME = "$(TARGET_NAME)";
				SWIFT_EMIT_LOC_STRINGS = YES;
				SWIFT_VERSION = 5.0;
				TARGETED_DEVICE_FAMILY = 1;
			};
			name = Debug;
		};
		0CBE2B2528904205007EC182 /* Release */ = {
			isa = XCBuildConfiguration;
			baseConfigurationReference = FD8DB7273B6216E3CE012985 /* Pods-TodoListDev.release.xcconfig */;
			buildSettings = {
				ASSETCATALOG_COMPILER_APPICON_NAME = AppIcon;
				ASSETCATALOG_COMPILER_GLOBAL_ACCENT_COLOR_NAME = AccentColor;
				CODE_SIGN_STYLE = Automatic;
				CURRENT_PROJECT_VERSION = 1;
				DEVELOPMENT_TEAM = T96KB8H453;
				GENERATE_INFOPLIST_FILE = YES;
				INFOPLIST_FILE = TodoListDev/Info.plist;
				INFOPLIST_KEY_UIApplicationSupportsIndirectInputEvents = YES;
				INFOPLIST_KEY_UILaunchStoryboardName = LaunchScreen;
				INFOPLIST_KEY_UIRequiredDeviceCapabilities = armv7;
				INFOPLIST_KEY_UISupportedInterfaceOrientations = "UIInterfaceOrientationPortrait UIInterfaceOrientationLandscapeLeft UIInterfaceOrientationLandscapeRight";
				INFOPLIST_KEY_UISupportedInterfaceOrientations_iPad = "UIInterfaceOrientationPortrait UIInterfaceOrientationPortraitUpsideDown UIInterfaceOrientationLandscapeLeft UIInterfaceOrientationLandscapeRight";
				INFOPLIST_KEY_UISupportedInterfaceOrientations_iPhone = "UIInterfaceOrientationPortrait UIInterfaceOrientationLandscapeLeft UIInterfaceOrientationLandscapeRight";
				LD_RUNPATH_SEARCH_PATHS = (
					"$(inherited)",
					"@executable_path/Frameworks",
				);
				MARKETING_VERSION = 1.0;
				PRODUCT_BUNDLE_IDENTIFIER = io.github.maksimn.TodoListDev;
				PRODUCT_NAME = "$(TARGET_NAME)";
				SWIFT_EMIT_LOC_STRINGS = YES;
				SWIFT_VERSION = 5.0;
				TARGETED_DEVICE_FAMILY = 1;
			};
			name = Release;
		};
		0CBE2B2728904205007EC182 /* Debug */ = {
			isa = XCBuildConfiguration;
			baseConfigurationReference = CDC7B35740A2193644591A10 /* Pods-TodoListDevTests.debug.xcconfig */;
			buildSettings = {
				ALWAYS_EMBED_SWIFT_STANDARD_LIBRARIES = YES;
				BUNDLE_LOADER = "$(TEST_HOST)";
				CODE_SIGN_STYLE = Automatic;
				CURRENT_PROJECT_VERSION = 1;
				DEVELOPMENT_TEAM = T96KB8H453;
				GENERATE_INFOPLIST_FILE = YES;
				IPHONEOS_DEPLOYMENT_TARGET = 15.2;
				MARKETING_VERSION = 1.0;
				PRODUCT_BUNDLE_IDENTIFIER = io.github.maksimn.TodoListDevTests;
				PRODUCT_NAME = "$(TARGET_NAME)";
				SWIFT_EMIT_LOC_STRINGS = NO;
				SWIFT_VERSION = 5.0;
				TARGETED_DEVICE_FAMILY = "1,2";
				TEST_HOST = "$(BUILT_PRODUCTS_DIR)/TodoListDev.app/TodoListDev";
			};
			name = Debug;
		};
		0CBE2B2828904205007EC182 /* Release */ = {
			isa = XCBuildConfiguration;
			baseConfigurationReference = 3E017EFA28B0B5EC4D698316 /* Pods-TodoListDevTests.release.xcconfig */;
			buildSettings = {
				ALWAYS_EMBED_SWIFT_STANDARD_LIBRARIES = YES;
				BUNDLE_LOADER = "$(TEST_HOST)";
				CODE_SIGN_STYLE = Automatic;
				CURRENT_PROJECT_VERSION = 1;
				DEVELOPMENT_TEAM = T96KB8H453;
				GENERATE_INFOPLIST_FILE = YES;
				IPHONEOS_DEPLOYMENT_TARGET = 15.2;
				MARKETING_VERSION = 1.0;
				PRODUCT_BUNDLE_IDENTIFIER = io.github.maksimn.TodoListDevTests;
				PRODUCT_NAME = "$(TARGET_NAME)";
				SWIFT_EMIT_LOC_STRINGS = NO;
				SWIFT_VERSION = 5.0;
				TARGETED_DEVICE_FAMILY = "1,2";
				TEST_HOST = "$(BUILT_PRODUCTS_DIR)/TodoListDev.app/TodoListDev";
			};
			name = Release;
		};
/* End XCBuildConfiguration section */

/* Begin XCConfigurationList section */
		0CBE2AF428904200007EC182 /* Build configuration list for PBXProject "TodoListDev" */ = {
			isa = XCConfigurationList;
			buildConfigurations = (
				0CBE2B2128904205007EC182 /* Debug */,
				0CBE2B2228904205007EC182 /* Release */,
			);
			defaultConfigurationIsVisible = 0;
			defaultConfigurationName = Release;
		};
		0CBE2B2328904205007EC182 /* Build configuration list for PBXNativeTarget "TodoListDev" */ = {
			isa = XCConfigurationList;
			buildConfigurations = (
				0CBE2B2428904205007EC182 /* Debug */,
				0CBE2B2528904205007EC182 /* Release */,
			);
			defaultConfigurationIsVisible = 0;
			defaultConfigurationName = Release;
		};
		0CBE2B2628904205007EC182 /* Build configuration list for PBXNativeTarget "TodoListDevTests" */ = {
			isa = XCConfigurationList;
			buildConfigurations = (
				0CBE2B2728904205007EC182 /* Debug */,
				0CBE2B2828904205007EC182 /* Release */,
			);
			defaultConfigurationIsVisible = 0;
			defaultConfigurationName = Release;
		};
/* End XCConfigurationList section */
	};
	rootObject = 0CBE2AF128904200007EC182 /* Project object */;
}
