// !$*UTF8*$!
{
	archiveVersion = 1;
	classes = {
	};
	objectVersion = 51;
	objects = {

/* Begin PBXBuildFile section */
		59880C1D276FA668007B4168 /* TestExample.swift in Sources */ = {isa = PBXBuildFile; fileRef = 59880C1C276FA668007B4168 /* TestExample.swift */; };
		59880C22276FA67E007B4168 /* UITestExample.swift in Sources */ = {isa = PBXBuildFile; fileRef = 59880C21276FA67E007B4168 /* UITestExample.swift */; };
		599B2BD1276ED1A3003659DC /* AppDelegate.swift in Sources */ = {isa = PBXBuildFile; fileRef = 599B2BD0276ED1A3003659DC /* AppDelegate.swift */; };
		599B2BD3276ED1A3003659DC /* SceneDelegate.swift in Sources */ = {isa = PBXBuildFile; fileRef = 599B2BD2276ED1A3003659DC /* SceneDelegate.swift */; };
		599B2BDA276ED1A4003659DC /* Assets.xcassets in Resources */ = {isa = PBXBuildFile; fileRef = 599B2BD9276ED1A4003659DC /* Assets.xcassets */; };
		599B2BDD276ED1A4003659DC /* LaunchScreen.storyboard in Resources */ = {isa = PBXBuildFile; fileRef = 599B2BDB276ED1A4003659DC /* LaunchScreen.storyboard */; };
		70143ACD81C9DE80BB283A45 /* Pods_SuperList_SuperListUITests.framework in Frameworks */ = {isa = PBXBuildFile; fileRef = 0D4B4E6BC0396BF9B7A34CB2 /* Pods_SuperList_SuperListUITests.framework */; };
		A71E417B2F33687E7252D076 /* Pods_SuperList.framework in Frameworks */ = {isa = PBXBuildFile; fileRef = 5738B0325C8FC9C682D8E34E /* Pods_SuperList.framework */; };
		B3D724DB81E6A3A5D3A8906D /* Pods_SuperListTests.framework in Frameworks */ = {isa = PBXBuildFile; fileRef = 3CD071BE46EB88AE719088EA /* Pods_SuperListTests.framework */; };
/* End PBXBuildFile section */

/* Begin PBXContainerItemProxy section */
		599B2BE4276ED1A4003659DC /* PBXContainerItemProxy */ = {
			isa = PBXContainerItemProxy;
			containerPortal = 599B2BC5276ED1A3003659DC /* Project object */;
			proxyType = 1;
			remoteGlobalIDString = 599B2BCC276ED1A3003659DC;
			remoteInfo = SuperList;
		};
		599B2BEF276ED1A5003659DC /* PBXContainerItemProxy */ = {
			isa = PBXContainerItemProxy;
			containerPortal = 599B2BC5276ED1A3003659DC /* Project object */;
			proxyType = 1;
			remoteGlobalIDString = 599B2BCC276ED1A3003659DC;
			remoteInfo = SuperList;
		};
/* End PBXContainerItemProxy section */

/* Begin PBXFileReference section */
		0D4B4E6BC0396BF9B7A34CB2 /* Pods_SuperList_SuperListUITests.framework */ = {isa = PBXFileReference; explicitFileType = wrapper.framework; includeInIndex = 0; path = Pods_SuperList_SuperListUITests.framework; sourceTree = BUILT_PRODUCTS_DIR; };
		2FC4CEAF6217F38E5124D73D /* Pods-SuperList-SuperListUITests.debug.xcconfig */ = {isa = PBXFileReference; includeInIndex = 1; lastKnownFileType = text.xcconfig; name = "Pods-SuperList-SuperListUITests.debug.xcconfig"; path = "Target Support Files/Pods-SuperList-SuperListUITests/Pods-SuperList-SuperListUITests.debug.xcconfig"; sourceTree = "<group>"; };
		3CD071BE46EB88AE719088EA /* Pods_SuperListTests.framework */ = {isa = PBXFileReference; explicitFileType = wrapper.framework; includeInIndex = 0; path = Pods_SuperListTests.framework; sourceTree = BUILT_PRODUCTS_DIR; };
		569E3A1BAE1083FFE636475A /* Pods-SuperList.debug.xcconfig */ = {isa = PBXFileReference; includeInIndex = 1; lastKnownFileType = text.xcconfig; name = "Pods-SuperList.debug.xcconfig"; path = "Target Support Files/Pods-SuperList/Pods-SuperList.debug.xcconfig"; sourceTree = "<group>"; };
		5738B0325C8FC9C682D8E34E /* Pods_SuperList.framework */ = {isa = PBXFileReference; explicitFileType = wrapper.framework; includeInIndex = 0; path = Pods_SuperList.framework; sourceTree = BUILT_PRODUCTS_DIR; };
		59880C1C276FA668007B4168 /* TestExample.swift */ = {isa = PBXFileReference; lastKnownFileType = sourcecode.swift; path = TestExample.swift; sourceTree = "<group>"; };
		59880C21276FA67E007B4168 /* UITestExample.swift */ = {isa = PBXFileReference; lastKnownFileType = sourcecode.swift; path = UITestExample.swift; sourceTree = "<group>"; };
		599B2BCD276ED1A3003659DC /* SuperList.app */ = {isa = PBXFileReference; explicitFileType = wrapper.application; includeInIndex = 0; path = SuperList.app; sourceTree = BUILT_PRODUCTS_DIR; };
		599B2BD0276ED1A3003659DC /* AppDelegate.swift */ = {isa = PBXFileReference; lastKnownFileType = sourcecode.swift; path = AppDelegate.swift; sourceTree = "<group>"; };
		599B2BD2276ED1A3003659DC /* SceneDelegate.swift */ = {isa = PBXFileReference; lastKnownFileType = sourcecode.swift; path = SceneDelegate.swift; sourceTree = "<group>"; };
		599B2BD9276ED1A4003659DC /* Assets.xcassets */ = {isa = PBXFileReference; lastKnownFileType = folder.assetcatalog; path = Assets.xcassets; sourceTree = "<group>"; };
		599B2BDC276ED1A4003659DC /* Base */ = {isa = PBXFileReference; lastKnownFileType = file.storyboard; name = Base; path = Base.lproj/LaunchScreen.storyboard; sourceTree = "<group>"; };
		599B2BDE276ED1A4003659DC /* Info.plist */ = {isa = PBXFileReference; lastKnownFileType = text.plist.xml; path = Info.plist; sourceTree = "<group>"; };
		599B2BE3276ED1A4003659DC /* SuperListTests.xctest */ = {isa = PBXFileReference; explicitFileType = wrapper.cfbundle; includeInIndex = 0; path = SuperListTests.xctest; sourceTree = BUILT_PRODUCTS_DIR; };
		599B2BE9276ED1A4003659DC /* Info.plist */ = {isa = PBXFileReference; lastKnownFileType = text.plist.xml; path = Info.plist; sourceTree = "<group>"; };
		599B2BEE276ED1A5003659DC /* SuperListUITests.xctest */ = {isa = PBXFileReference; explicitFileType = wrapper.cfbundle; includeInIndex = 0; path = SuperListUITests.xctest; sourceTree = BUILT_PRODUCTS_DIR; };
		599B2BF4276ED1A5003659DC /* Info.plist */ = {isa = PBXFileReference; lastKnownFileType = text.plist.xml; path = Info.plist; sourceTree = "<group>"; };
		855ABAE77B2F1687CE5E0DCF /* Pods-SuperList.release.xcconfig */ = {isa = PBXFileReference; includeInIndex = 1; lastKnownFileType = text.xcconfig; name = "Pods-SuperList.release.xcconfig"; path = "Target Support Files/Pods-SuperList/Pods-SuperList.release.xcconfig"; sourceTree = "<group>"; };
		B533C947F33FF03B4980B027 /* Pods-SuperListTests.release.xcconfig */ = {isa = PBXFileReference; includeInIndex = 1; lastKnownFileType = text.xcconfig; name = "Pods-SuperListTests.release.xcconfig"; path = "Target Support Files/Pods-SuperListTests/Pods-SuperListTests.release.xcconfig"; sourceTree = "<group>"; };
		BCE6EDFD2CCEAA43152D7DAB /* Pods-SuperListTests.debug.xcconfig */ = {isa = PBXFileReference; includeInIndex = 1; lastKnownFileType = text.xcconfig; name = "Pods-SuperListTests.debug.xcconfig"; path = "Target Support Files/Pods-SuperListTests/Pods-SuperListTests.debug.xcconfig"; sourceTree = "<group>"; };
		F57BF35E23334997EF5FF9BF /* Pods-SuperList-SuperListUITests.release.xcconfig */ = {isa = PBXFileReference; includeInIndex = 1; lastKnownFileType = text.xcconfig; name = "Pods-SuperList-SuperListUITests.release.xcconfig"; path = "Target Support Files/Pods-SuperList-SuperListUITests/Pods-SuperList-SuperListUITests.release.xcconfig"; sourceTree = "<group>"; };
/* End PBXFileReference section */

/* Begin PBXFrameworksBuildPhase section */
		599B2BCA276ED1A3003659DC /* Frameworks */ = {
			isa = PBXFrameworksBuildPhase;
			buildActionMask = 2147483647;
			files = (
				A71E417B2F33687E7252D076 /* Pods_SuperList.framework in Frameworks */,
			);
			runOnlyForDeploymentPostprocessing = 0;
		};
		599B2BE0276ED1A4003659DC /* Frameworks */ = {
			isa = PBXFrameworksBuildPhase;
			buildActionMask = 2147483647;
			files = (
				B3D724DB81E6A3A5D3A8906D /* Pods_SuperListTests.framework in Frameworks */,
			);
			runOnlyForDeploymentPostprocessing = 0;
		};
		599B2BEB276ED1A5003659DC /* Frameworks */ = {
			isa = PBXFrameworksBuildPhase;
			buildActionMask = 2147483647;
			files = (
				70143ACD81C9DE80BB283A45 /* Pods_SuperList_SuperListUITests.framework in Frameworks */,
			);
			runOnlyForDeploymentPostprocessing = 0;
		};
/* End PBXFrameworksBuildPhase section */

/* Begin PBXGroup section */
		599B2BC4276ED1A3003659DC = {
			isa = PBXGroup;
			children = (
				599B2BCF276ED1A3003659DC /* SuperList */,
				599B2BE6276ED1A4003659DC /* SuperListTests */,
				599B2BF1276ED1A5003659DC /* SuperListUITests */,
				599B2BCE276ED1A3003659DC /* Products */,
				AFA2639FD3B004F0DEB7A794 /* Pods */,
				AF9FF86AA153D360266F23CF /* Frameworks */,
			);
			sourceTree = "<group>";
		};
		599B2BCE276ED1A3003659DC /* Products */ = {
			isa = PBXGroup;
			children = (
				599B2BCD276ED1A3003659DC /* SuperList.app */,
				599B2BE3276ED1A4003659DC /* SuperListTests.xctest */,
				599B2BEE276ED1A5003659DC /* SuperListUITests.xctest */,
			);
			name = Products;
			sourceTree = "<group>";
		};
		599B2BCF276ED1A3003659DC /* SuperList */ = {
			isa = PBXGroup;
			children = (
				599B2BD0276ED1A3003659DC /* AppDelegate.swift */,
				599B2BD2276ED1A3003659DC /* SceneDelegate.swift */,
				599B2BD9276ED1A4003659DC /* Assets.xcassets */,
				599B2BDB276ED1A4003659DC /* LaunchScreen.storyboard */,
				599B2BDE276ED1A4003659DC /* Info.plist */,
			);
			path = SuperList;
			sourceTree = "<group>";
		};
		599B2BE6276ED1A4003659DC /* SuperListTests */ = {
			isa = PBXGroup;
			children = (
				599B2BE9276ED1A4003659DC /* Info.plist */,
				59880C1C276FA668007B4168 /* TestExample.swift */,
			);
			path = SuperListTests;
			sourceTree = "<group>";
		};
		599B2BF1276ED1A5003659DC /* SuperListUITests */ = {
			isa = PBXGroup;
			children = (
				599B2BF4276ED1A5003659DC /* Info.plist */,
				59880C21276FA67E007B4168 /* UITestExample.swift */,
			);
			path = SuperListUITests;
			sourceTree = "<group>";
		};
		AF9FF86AA153D360266F23CF /* Frameworks */ = {
			isa = PBXGroup;
			children = (
				5738B0325C8FC9C682D8E34E /* Pods_SuperList.framework */,
				0D4B4E6BC0396BF9B7A34CB2 /* Pods_SuperList_SuperListUITests.framework */,
				3CD071BE46EB88AE719088EA /* Pods_SuperListTests.framework */,
			);
			name = Frameworks;
			sourceTree = "<group>";
		};
		AFA2639FD3B004F0DEB7A794 /* Pods */ = {
			isa = PBXGroup;
			children = (
				569E3A1BAE1083FFE636475A /* Pods-SuperList.debug.xcconfig */,
				855ABAE77B2F1687CE5E0DCF /* Pods-SuperList.release.xcconfig */,
				2FC4CEAF6217F38E5124D73D /* Pods-SuperList-SuperListUITests.debug.xcconfig */,
				F57BF35E23334997EF5FF9BF /* Pods-SuperList-SuperListUITests.release.xcconfig */,
				BCE6EDFD2CCEAA43152D7DAB /* Pods-SuperListTests.debug.xcconfig */,
				B533C947F33FF03B4980B027 /* Pods-SuperListTests.release.xcconfig */,
			);
			path = Pods;
			sourceTree = "<group>";
		};
/* End PBXGroup section */

/* Begin PBXNativeTarget section */
		599B2BCC276ED1A3003659DC /* SuperList */ = {
			isa = PBXNativeTarget;
			buildConfigurationList = 599B2BF7276ED1A5003659DC /* Build configuration list for PBXNativeTarget "SuperList" */;
			buildPhases = (
				6FC5FF531B955B0900067AF8 /* [CP] Check Pods Manifest.lock */,
				599B2BC9276ED1A3003659DC /* Sources */,
				599B2BCA276ED1A3003659DC /* Frameworks */,
				599B2BCB276ED1A3003659DC /* Resources */,
				4850A2D9C70281A61BF9C8F3 /* [CP] Embed Pods Frameworks */,
			);
			buildRules = (
			);
			dependencies = (
			);
			name = SuperList;
			productName = SuperList;
			productReference = 599B2BCD276ED1A3003659DC /* SuperList.app */;
			productType = "com.apple.product-type.application";
		};
		599B2BE2276ED1A4003659DC /* SuperListTests */ = {
			isa = PBXNativeTarget;
			buildConfigurationList = 599B2BFA276ED1A5003659DC /* Build configuration list for PBXNativeTarget "SuperListTests" */;
			buildPhases = (
				D86915C3B85335F5B60617D1 /* [CP] Check Pods Manifest.lock */,
				599B2BDF276ED1A4003659DC /* Sources */,
				599B2BE0276ED1A4003659DC /* Frameworks */,
				599B2BE1276ED1A4003659DC /* Resources */,
			);
			buildRules = (
			);
			dependencies = (
				599B2BE5276ED1A4003659DC /* PBXTargetDependency */,
			);
			name = SuperListTests;
			productName = SuperListTests;
			productReference = 599B2BE3276ED1A4003659DC /* SuperListTests.xctest */;
			productType = "com.apple.product-type.bundle.unit-test";
		};
		599B2BED276ED1A5003659DC /* SuperListUITests */ = {
			isa = PBXNativeTarget;
			buildConfigurationList = 599B2BFD276ED1A5003659DC /* Build configuration list for PBXNativeTarget "SuperListUITests" */;
			buildPhases = (
				F17C339F384192AD5CC5C2CA /* [CP] Check Pods Manifest.lock */,
				599B2BEA276ED1A5003659DC /* Sources */,
				599B2BEB276ED1A5003659DC /* Frameworks */,
				599B2BEC276ED1A5003659DC /* Resources */,
				303D86EC8A991101958272BE /* [CP] Embed Pods Frameworks */,
			);
			buildRules = (
			);
			dependencies = (
				599B2BF0276ED1A5003659DC /* PBXTargetDependency */,
			);
			name = SuperListUITests;
			productName = SuperListUITests;
			productReference = 599B2BEE276ED1A5003659DC /* SuperListUITests.xctest */;
			productType = "com.apple.product-type.bundle.ui-testing";
		};
/* End PBXNativeTarget section */

/* Begin PBXProject section */
		599B2BC5276ED1A3003659DC /* Project object */ = {
			isa = PBXProject;
			attributes = {
				LastSwiftUpdateCheck = 1210;
				LastUpgradeCheck = 1210;
				TargetAttributes = {
					599B2BCC276ED1A3003659DC = {
						CreatedOnToolsVersion = 12.1;
					};
					599B2BE2276ED1A4003659DC = {
						CreatedOnToolsVersion = 12.1;
						LastSwiftMigration = 1210;
						TestTargetID = 599B2BCC276ED1A3003659DC;
					};
					599B2BED276ED1A5003659DC = {
						CreatedOnToolsVersion = 12.1;
						LastSwiftMigration = 1210;
						TestTargetID = 599B2BCC276ED1A3003659DC;
					};
				};
			};
			buildConfigurationList = 599B2BC8276ED1A3003659DC /* Build configuration list for PBXProject "SuperList" */;
			compatibilityVersion = "Xcode 9.3";
			developmentRegion = en;
			hasScannedForEncodings = 0;
			knownRegions = (
				en,
				Base,
				ru,
			);
			mainGroup = 599B2BC4276ED1A3003659DC;
			productRefGroup = 599B2BCE276ED1A3003659DC /* Products */;
			projectDirPath = "";
			projectRoot = "";
			targets = (
				599B2BCC276ED1A3003659DC /* SuperList */,
				599B2BE2276ED1A4003659DC /* SuperListTests */,
				599B2BED276ED1A5003659DC /* SuperListUITests */,
			);
		};
/* End PBXProject section */

/* Begin PBXResourcesBuildPhase section */
		599B2BCB276ED1A3003659DC /* Resources */ = {
			isa = PBXResourcesBuildPhase;
			buildActionMask = 2147483647;
			files = (
				599B2BDD276ED1A4003659DC /* LaunchScreen.storyboard in Resources */,
				599B2BDA276ED1A4003659DC /* Assets.xcassets in Resources */,
			);
			runOnlyForDeploymentPostprocessing = 0;
		};
		599B2BE1276ED1A4003659DC /* Resources */ = {
			isa = PBXResourcesBuildPhase;
			buildActionMask = 2147483647;
			files = (
			);
			runOnlyForDeploymentPostprocessing = 0;
		};
		599B2BEC276ED1A5003659DC /* Resources */ = {
			isa = PBXResourcesBuildPhase;
			buildActionMask = 2147483647;
			files = (
			);
			runOnlyForDeploymentPostprocessing = 0;
		};
/* End PBXResourcesBuildPhase section */

/* Begin PBXShellScriptBuildPhase section */
		303D86EC8A991101958272BE /* [CP] Embed Pods Frameworks */ = {
			isa = PBXShellScriptBuildPhase;
			buildActionMask = 2147483647;
			files = (
			);
			inputFileListPaths = (
				"${PODS_ROOT}/Target Support Files/Pods-SuperList-SuperListUITests/Pods-SuperList-SuperListUITests-frameworks-${CONFIGURATION}-input-files.xcfilelist",
			);
			name = "[CP] Embed Pods Frameworks";
			outputFileListPaths = (
				"${PODS_ROOT}/Target Support Files/Pods-SuperList-SuperListUITests/Pods-SuperList-SuperListUITests-frameworks-${CONFIGURATION}-output-files.xcfilelist",
			);
			runOnlyForDeploymentPostprocessing = 0;
			shellPath = /bin/sh;
			shellScript = "\"${PODS_ROOT}/Target Support Files/Pods-SuperList-SuperListUITests/Pods-SuperList-SuperListUITests-frameworks.sh\"\n";
			showEnvVarsInLog = 0;
		};
		4850A2D9C70281A61BF9C8F3 /* [CP] Embed Pods Frameworks */ = {
			isa = PBXShellScriptBuildPhase;
			buildActionMask = 2147483647;
			files = (
			);
			inputFileListPaths = (
				"${PODS_ROOT}/Target Support Files/Pods-SuperList/Pods-SuperList-frameworks-${CONFIGURATION}-input-files.xcfilelist",
			);
			name = "[CP] Embed Pods Frameworks";
			outputFileListPaths = (
				"${PODS_ROOT}/Target Support Files/Pods-SuperList/Pods-SuperList-frameworks-${CONFIGURATION}-output-files.xcfilelist",
			);
			runOnlyForDeploymentPostprocessing = 0;
			shellPath = /bin/sh;
			shellScript = "\"${PODS_ROOT}/Target Support Files/Pods-SuperList/Pods-SuperList-frameworks.sh\"\n";
			showEnvVarsInLog = 0;
		};
		6FC5FF531B955B0900067AF8 /* [CP] Check Pods Manifest.lock */ = {
			isa = PBXShellScriptBuildPhase;
			buildActionMask = 2147483647;
			files = (
			);
			inputFileListPaths = (
			);
			inputPaths = (
				"${PODS_PODFILE_DIR_PATH}/Podfile.lock",
				"${PODS_ROOT}/Manifest.lock",
			);
			name = "[CP] Check Pods Manifest.lock";
			outputFileListPaths = (
			);
			outputPaths = (
				"$(DERIVED_FILE_DIR)/Pods-SuperList-checkManifestLockResult.txt",
			);
			runOnlyForDeploymentPostprocessing = 0;
			shellPath = /bin/sh;
			shellScript = "diff \"${PODS_PODFILE_DIR_PATH}/Podfile.lock\" \"${PODS_ROOT}/Manifest.lock\" > /dev/null\nif [ $? != 0 ] ; then\n    # print error to STDERR\n    echo \"error: The sandbox is not in sync with the Podfile.lock. Run 'pod install' or update your CocoaPods installation.\" >&2\n    exit 1\nfi\n# This output is used by Xcode 'outputs' to avoid re-running this script phase.\necho \"SUCCESS\" > \"${SCRIPT_OUTPUT_FILE_0}\"\n";
			showEnvVarsInLog = 0;
		};
		D86915C3B85335F5B60617D1 /* [CP] Check Pods Manifest.lock */ = {
			isa = PBXShellScriptBuildPhase;
			buildActionMask = 2147483647;
			files = (
			);
			inputFileListPaths = (
			);
			inputPaths = (
				"${PODS_PODFILE_DIR_PATH}/Podfile.lock",
				"${PODS_ROOT}/Manifest.lock",
			);
			name = "[CP] Check Pods Manifest.lock";
			outputFileListPaths = (
			);
			outputPaths = (
				"$(DERIVED_FILE_DIR)/Pods-SuperListTests-checkManifestLockResult.txt",
			);
			runOnlyForDeploymentPostprocessing = 0;
			shellPath = /bin/sh;
			shellScript = "diff \"${PODS_PODFILE_DIR_PATH}/Podfile.lock\" \"${PODS_ROOT}/Manifest.lock\" > /dev/null\nif [ $? != 0 ] ; then\n    # print error to STDERR\n    echo \"error: The sandbox is not in sync with the Podfile.lock. Run 'pod install' or update your CocoaPods installation.\" >&2\n    exit 1\nfi\n# This output is used by Xcode 'outputs' to avoid re-running this script phase.\necho \"SUCCESS\" > \"${SCRIPT_OUTPUT_FILE_0}\"\n";
			showEnvVarsInLog = 0;
		};
		F17C339F384192AD5CC5C2CA /* [CP] Check Pods Manifest.lock */ = {
			isa = PBXShellScriptBuildPhase;
			buildActionMask = 2147483647;
			files = (
			);
			inputFileListPaths = (
			);
			inputPaths = (
				"${PODS_PODFILE_DIR_PATH}/Podfile.lock",
				"${PODS_ROOT}/Manifest.lock",
			);
			name = "[CP] Check Pods Manifest.lock";
			outputFileListPaths = (
			);
			outputPaths = (
				"$(DERIVED_FILE_DIR)/Pods-SuperList-SuperListUITests-checkManifestLockResult.txt",
			);
			runOnlyForDeploymentPostprocessing = 0;
			shellPath = /bin/sh;
			shellScript = "diff \"${PODS_PODFILE_DIR_PATH}/Podfile.lock\" \"${PODS_ROOT}/Manifest.lock\" > /dev/null\nif [ $? != 0 ] ; then\n    # print error to STDERR\n    echo \"error: The sandbox is not in sync with the Podfile.lock. Run 'pod install' or update your CocoaPods installation.\" >&2\n    exit 1\nfi\n# This output is used by Xcode 'outputs' to avoid re-running this script phase.\necho \"SUCCESS\" > \"${SCRIPT_OUTPUT_FILE_0}\"\n";
			showEnvVarsInLog = 0;
		};
/* End PBXShellScriptBuildPhase section */

/* Begin PBXSourcesBuildPhase section */
		599B2BC9276ED1A3003659DC /* Sources */ = {
			isa = PBXSourcesBuildPhase;
			buildActionMask = 2147483647;
			files = (
				599B2BD1276ED1A3003659DC /* AppDelegate.swift in Sources */,
				599B2BD3276ED1A3003659DC /* SceneDelegate.swift in Sources */,
			);
			runOnlyForDeploymentPostprocessing = 0;
		};
		599B2BDF276ED1A4003659DC /* Sources */ = {
			isa = PBXSourcesBuildPhase;
			buildActionMask = 2147483647;
			files = (
				59880C1D276FA668007B4168 /* TestExample.swift in Sources */,
			);
			runOnlyForDeploymentPostprocessing = 0;
		};
		599B2BEA276ED1A5003659DC /* Sources */ = {
			isa = PBXSourcesBuildPhase;
			buildActionMask = 2147483647;
			files = (
				59880C22276FA67E007B4168 /* UITestExample.swift in Sources */,
			);
			runOnlyForDeploymentPostprocessing = 0;
		};
/* End PBXSourcesBuildPhase section */

/* Begin PBXTargetDependency section */
		599B2BE5276ED1A4003659DC /* PBXTargetDependency */ = {
			isa = PBXTargetDependency;
			target = 599B2BCC276ED1A3003659DC /* SuperList */;
			targetProxy = 599B2BE4276ED1A4003659DC /* PBXContainerItemProxy */;
		};
		599B2BF0276ED1A5003659DC /* PBXTargetDependency */ = {
			isa = PBXTargetDependency;
			target = 599B2BCC276ED1A3003659DC /* SuperList */;
			targetProxy = 599B2BEF276ED1A5003659DC /* PBXContainerItemProxy */;
		};
/* End PBXTargetDependency section */

/* Begin PBXVariantGroup section */
		599B2BDB276ED1A4003659DC /* LaunchScreen.storyboard */ = {
			isa = PBXVariantGroup;
			children = (
				599B2BDC276ED1A4003659DC /* Base */,
			);
			name = LaunchScreen.storyboard;
			sourceTree = "<group>";
		};
/* End PBXVariantGroup section */

/* Begin XCBuildConfiguration section */
		599B2BF5276ED1A5003659DC /* Debug */ = {
			isa = XCBuildConfiguration;
			buildSettings = {
				ALWAYS_SEARCH_USER_PATHS = NO;
				CLANG_ANALYZER_LOCALIZABILITY_NONLOCALIZED = YES;
				CLANG_ANALYZER_NONNULL = YES;
				CLANG_ANALYZER_NUMBER_OBJECT_CONVERSION = YES_AGGRESSIVE;
				CLANG_CXX_LANGUAGE_STANDARD = "gnu++14";
				CLANG_CXX_LIBRARY = "libc++";
				CLANG_ENABLE_MODULES = YES;
				CLANG_ENABLE_OBJC_ARC = YES;
				CLANG_ENABLE_OBJC_WEAK = YES;
				CLANG_WARN_BLOCK_CAPTURE_AUTORELEASING = YES;
				CLANG_WARN_BOOL_CONVERSION = YES;
				CLANG_WARN_COMMA = YES;
				CLANG_WARN_CONSTANT_CONVERSION = YES;
				CLANG_WARN_DEPRECATED_OBJC_IMPLEMENTATIONS = YES;
				CLANG_WARN_DIRECT_OBJC_ISA_USAGE = YES_ERROR;
				CLANG_WARN_DOCUMENTATION_COMMENTS = YES;
				CLANG_WARN_EMPTY_BODY = YES;
				CLANG_WARN_ENUM_CONVERSION = YES;
				CLANG_WARN_INFINITE_RECURSION = YES;
				CLANG_WARN_INT_CONVERSION = YES;
				CLANG_WARN_NON_LITERAL_NULL_CONVERSION = YES;
				CLANG_WARN_OBJC_IMPLICIT_RETAIN_SELF = YES;
				CLANG_WARN_OBJC_LITERAL_CONVERSION = YES;
				CLANG_WARN_OBJC_ROOT_CLASS = YES_ERROR;
				CLANG_WARN_QUOTED_INCLUDE_IN_FRAMEWORK_HEADER = YES;
				CLANG_WARN_RANGE_LOOP_ANALYSIS = YES;
				CLANG_WARN_STRICT_PROTOTYPES = YES;
				CLANG_WARN_SUSPICIOUS_MOVE = YES;
				CLANG_WARN_UNGUARDED_AVAILABILITY = YES_AGGRESSIVE;
				CLANG_WARN_UNREACHABLE_CODE = YES;
				CLANG_WARN__DUPLICATE_METHOD_MATCH = YES;
				COPY_PHASE_STRIP = NO;
				DEBUG_INFORMATION_FORMAT = dwarf;
				ENABLE_STRICT_OBJC_MSGSEND = YES;
				ENABLE_TESTABILITY = YES;
				GCC_C_LANGUAGE_STANDARD = gnu11;
				GCC_DYNAMIC_NO_PIC = NO;
				GCC_NO_COMMON_BLOCKS = YES;
				GCC_OPTIMIZATION_LEVEL = 0;
				GCC_PREPROCESSOR_DEFINITIONS = (
					"DEBUG=1",
					"$(inherited)",
				);
				GCC_WARN_64_TO_32_BIT_CONVERSION = YES;
				GCC_WARN_ABOUT_RETURN_TYPE = YES_ERROR;
				GCC_WARN_UNDECLARED_SELECTOR = YES;
				GCC_WARN_UNINITIALIZED_AUTOS = YES_AGGRESSIVE;
				GCC_WARN_UNUSED_FUNCTION = YES;
				GCC_WARN_UNUSED_VARIABLE = YES;
				IPHONEOS_DEPLOYMENT_TARGET = 14.1;
				MTL_ENABLE_DEBUG_INFO = INCLUDE_SOURCE;
				MTL_FAST_MATH = YES;
				ONLY_ACTIVE_ARCH = YES;
				SDKROOT = iphoneos;
				SWIFT_ACTIVE_COMPILATION_CONDITIONS = DEBUG;
				SWIFT_OPTIMIZATION_LEVEL = "-Onone";
			};
			name = Debug;
		};
		599B2BF6276ED1A5003659DC /* Release */ = {
			isa = XCBuildConfiguration;
			buildSettings = {
				ALWAYS_SEARCH_USER_PATHS = NO;
				CLANG_ANALYZER_LOCALIZABILITY_NONLOCALIZED = YES;
				CLANG_ANALYZER_NONNULL = YES;
				CLANG_ANALYZER_NUMBER_OBJECT_CONVERSION = YES_AGGRESSIVE;
				CLANG_CXX_LANGUAGE_STANDARD = "gnu++14";
				CLANG_CXX_LIBRARY = "libc++";
				CLANG_ENABLE_MODULES = YES;
				CLANG_ENABLE_OBJC_ARC = YES;
				CLANG_ENABLE_OBJC_WEAK = YES;
				CLANG_WARN_BLOCK_CAPTURE_AUTORELEASING = YES;
				CLANG_WARN_BOOL_CONVERSION = YES;
				CLANG_WARN_COMMA = YES;
				CLANG_WARN_CONSTANT_CONVERSION = YES;
				CLANG_WARN_DEPRECATED_OBJC_IMPLEMENTATIONS = YES;
				CLANG_WARN_DIRECT_OBJC_ISA_USAGE = YES_ERROR;
				CLANG_WARN_DOCUMENTATION_COMMENTS = YES;
				CLANG_WARN_EMPTY_BODY = YES;
				CLANG_WARN_ENUM_CONVERSION = YES;
				CLANG_WARN_INFINITE_RECURSION = YES;
				CLANG_WARN_INT_CONVERSION = YES;
				CLANG_WARN_NON_LITERAL_NULL_CONVERSION = YES;
				CLANG_WARN_OBJC_IMPLICIT_RETAIN_SELF = YES;
				CLANG_WARN_OBJC_LITERAL_CONVERSION = YES;
				CLANG_WARN_OBJC_ROOT_CLASS = YES_ERROR;
				CLANG_WARN_QUOTED_INCLUDE_IN_FRAMEWORK_HEADER = YES;
				CLANG_WARN_RANGE_LOOP_ANALYSIS = YES;
				CLANG_WARN_STRICT_PROTOTYPES = YES;
				CLANG_WARN_SUSPICIOUS_MOVE = YES;
				CLANG_WARN_UNGUARDED_AVAILABILITY = YES_AGGRESSIVE;
				CLANG_WARN_UNREACHABLE_CODE = YES;
				CLANG_WARN__DUPLICATE_METHOD_MATCH = YES;
				COPY_PHASE_STRIP = NO;
				DEBUG_INFORMATION_FORMAT = "dwarf-with-dsym";
				ENABLE_NS_ASSERTIONS = NO;
				ENABLE_STRICT_OBJC_MSGSEND = YES;
				GCC_C_LANGUAGE_STANDARD = gnu11;
				GCC_NO_COMMON_BLOCKS = YES;
				GCC_WARN_64_TO_32_BIT_CONVERSION = YES;
				GCC_WARN_ABOUT_RETURN_TYPE = YES_ERROR;
				GCC_WARN_UNDECLARED_SELECTOR = YES;
				GCC_WARN_UNINITIALIZED_AUTOS = YES_AGGRESSIVE;
				GCC_WARN_UNUSED_FUNCTION = YES;
				GCC_WARN_UNUSED_VARIABLE = YES;
				IPHONEOS_DEPLOYMENT_TARGET = 14.1;
				MTL_ENABLE_DEBUG_INFO = NO;
				MTL_FAST_MATH = YES;
				SDKROOT = iphoneos;
				SWIFT_COMPILATION_MODE = wholemodule;
				SWIFT_OPTIMIZATION_LEVEL = "-O";
				VALIDATE_PRODUCT = YES;
			};
			name = Release;
		};
		599B2BF8276ED1A5003659DC /* Debug */ = {
			isa = XCBuildConfiguration;
			baseConfigurationReference = 569E3A1BAE1083FFE636475A /* Pods-SuperList.debug.xcconfig */;
			buildSettings = {
				ASSETCATALOG_COMPILER_APPICON_NAME = AppIcon;
				ASSETCATALOG_COMPILER_GLOBAL_ACCENT_COLOR_NAME = AccentColor;
				CODE_SIGN_STYLE = Automatic;
				DEVELOPMENT_TEAM = T96KB8H453;
				INFOPLIST_FILE = SuperList/Info.plist;
				LD_RUNPATH_SEARCH_PATHS = (
					"$(inherited)",
					"@executable_path/Frameworks",
				);
				PRODUCT_BUNDLE_IDENTIFIER = io.github.maksimn.SuperList;
				PRODUCT_NAME = "$(TARGET_NAME)";
				SWIFT_VERSION = 5.0;
				TARGETED_DEVICE_FAMILY = "1,2";
			};
			name = Debug;
		};
		599B2BF9276ED1A5003659DC /* Release */ = {
			isa = XCBuildConfiguration;
			baseConfigurationReference = 855ABAE77B2F1687CE5E0DCF /* Pods-SuperList.release.xcconfig */;
			buildSettings = {
				ASSETCATALOG_COMPILER_APPICON_NAME = AppIcon;
				ASSETCATALOG_COMPILER_GLOBAL_ACCENT_COLOR_NAME = AccentColor;
				CODE_SIGN_STYLE = Automatic;
				DEVELOPMENT_TEAM = T96KB8H453;
				INFOPLIST_FILE = SuperList/Info.plist;
				LD_RUNPATH_SEARCH_PATHS = (
					"$(inherited)",
					"@executable_path/Frameworks",
				);
				PRODUCT_BUNDLE_IDENTIFIER = io.github.maksimn.SuperList;
				PRODUCT_NAME = "$(TARGET_NAME)";
				SWIFT_VERSION = 5.0;
				TARGETED_DEVICE_FAMILY = "1,2";
			};
			name = Release;
		};
		599B2BFB276ED1A5003659DC /* Debug */ = {
			isa = XCBuildConfiguration;
			baseConfigurationReference = BCE6EDFD2CCEAA43152D7DAB /* Pods-SuperListTests.debug.xcconfig */;
			buildSettings = {
				ALWAYS_EMBED_SWIFT_STANDARD_LIBRARIES = YES;
				BUNDLE_LOADER = "$(TEST_HOST)";
				CLANG_ENABLE_MODULES = YES;
				CODE_SIGN_STYLE = Automatic;
				DEVELOPMENT_TEAM = T96KB8H453;
				INFOPLIST_FILE = SuperListTests/Info.plist;
				IPHONEOS_DEPLOYMENT_TARGET = 14.1;
				LD_RUNPATH_SEARCH_PATHS = (
					"$(inherited)",
					"@executable_path/Frameworks",
					"@loader_path/Frameworks",
				);
				PRODUCT_BUNDLE_IDENTIFIER = io.github.maksimn.SuperListTests;
				PRODUCT_NAME = "$(TARGET_NAME)";
				SWIFT_OPTIMIZATION_LEVEL = "-Onone";
				SWIFT_VERSION = 5.0;
				TARGETED_DEVICE_FAMILY = "1,2";
				TEST_HOST = "$(BUILT_PRODUCTS_DIR)/SuperList.app/SuperList";
			};
			name = Debug;
		};
		599B2BFC276ED1A5003659DC /* Release */ = {
			isa = XCBuildConfiguration;
			baseConfigurationReference = B533C947F33FF03B4980B027 /* Pods-SuperListTests.release.xcconfig */;
			buildSettings = {
				ALWAYS_EMBED_SWIFT_STANDARD_LIBRARIES = YES;
				BUNDLE_LOADER = "$(TEST_HOST)";
				CLANG_ENABLE_MODULES = YES;
				CODE_SIGN_STYLE = Automatic;
				DEVELOPMENT_TEAM = T96KB8H453;
				INFOPLIST_FILE = SuperListTests/Info.plist;
				IPHONEOS_DEPLOYMENT_TARGET = 14.1;
				LD_RUNPATH_SEARCH_PATHS = (
					"$(inherited)",
					"@executable_path/Frameworks",
					"@loader_path/Frameworks",
				);
				PRODUCT_BUNDLE_IDENTIFIER = io.github.maksimn.SuperListTests;
				PRODUCT_NAME = "$(TARGET_NAME)";
				SWIFT_VERSION = 5.0;
				TARGETED_DEVICE_FAMILY = "1,2";
				TEST_HOST = "$(BUILT_PRODUCTS_DIR)/SuperList.app/SuperList";
			};
			name = Release;
		};
		599B2BFE276ED1A5003659DC /* Debug */ = {
			isa = XCBuildConfiguration;
			baseConfigurationReference = 2FC4CEAF6217F38E5124D73D /* Pods-SuperList-SuperListUITests.debug.xcconfig */;
			buildSettings = {
				ALWAYS_EMBED_SWIFT_STANDARD_LIBRARIES = "$(inherited)";
				CLANG_ENABLE_MODULES = YES;
				CODE_SIGN_STYLE = Automatic;
				DEVELOPMENT_TEAM = T96KB8H453;
				INFOPLIST_FILE = SuperListUITests/Info.plist;
				LD_RUNPATH_SEARCH_PATHS = (
					"$(inherited)",
					"@executable_path/Frameworks",
					"@loader_path/Frameworks",
				);
				PRODUCT_BUNDLE_IDENTIFIER = io.github.maksimn.SuperListUITests;
				PRODUCT_NAME = "$(TARGET_NAME)";
				SWIFT_OPTIMIZATION_LEVEL = "-Onone";
				SWIFT_VERSION = 5.0;
				TARGETED_DEVICE_FAMILY = "1,2";
				TEST_TARGET_NAME = SuperList;
			};
			name = Debug;
		};
		599B2BFF276ED1A5003659DC /* Release */ = {
			isa = XCBuildConfiguration;
			baseConfigurationReference = F57BF35E23334997EF5FF9BF /* Pods-SuperList-SuperListUITests.release.xcconfig */;
			buildSettings = {
				ALWAYS_EMBED_SWIFT_STANDARD_LIBRARIES = "$(inherited)";
				CLANG_ENABLE_MODULES = YES;
				CODE_SIGN_STYLE = Automatic;
				DEVELOPMENT_TEAM = T96KB8H453;
				INFOPLIST_FILE = SuperListUITests/Info.plist;
				LD_RUNPATH_SEARCH_PATHS = (
					"$(inherited)",
					"@executable_path/Frameworks",
					"@loader_path/Frameworks",
				);
				PRODUCT_BUNDLE_IDENTIFIER = io.github.maksimn.SuperListUITests;
				PRODUCT_NAME = "$(TARGET_NAME)";
				SWIFT_VERSION = 5.0;
				TARGETED_DEVICE_FAMILY = "1,2";
				TEST_TARGET_NAME = SuperList;
			};
			name = Release;
		};
/* End XCBuildConfiguration section */

/* Begin XCConfigurationList section */
		599B2BC8276ED1A3003659DC /* Build configuration list for PBXProject "SuperList" */ = {
			isa = XCConfigurationList;
			buildConfigurations = (
				599B2BF5276ED1A5003659DC /* Debug */,
				599B2BF6276ED1A5003659DC /* Release */,
			);
			defaultConfigurationIsVisible = 0;
			defaultConfigurationName = Release;
		};
		599B2BF7276ED1A5003659DC /* Build configuration list for PBXNativeTarget "SuperList" */ = {
			isa = XCConfigurationList;
			buildConfigurations = (
				599B2BF8276ED1A5003659DC /* Debug */,
				599B2BF9276ED1A5003659DC /* Release */,
			);
			defaultConfigurationIsVisible = 0;
			defaultConfigurationName = Release;
		};
		599B2BFA276ED1A5003659DC /* Build configuration list for PBXNativeTarget "SuperListTests" */ = {
			isa = XCConfigurationList;
			buildConfigurations = (
				599B2BFB276ED1A5003659DC /* Debug */,
				599B2BFC276ED1A5003659DC /* Release */,
			);
			defaultConfigurationIsVisible = 0;
			defaultConfigurationName = Release;
		};
		599B2BFD276ED1A5003659DC /* Build configuration list for PBXNativeTarget "SuperListUITests" */ = {
			isa = XCConfigurationList;
			buildConfigurations = (
				599B2BFE276ED1A5003659DC /* Debug */,
				599B2BFF276ED1A5003659DC /* Release */,
			);
			defaultConfigurationIsVisible = 0;
			defaultConfigurationName = Release;
		};
/* End XCConfigurationList section */
	};
	rootObject = 599B2BC5276ED1A3003659DC /* Project object */;
}
